
Microsoft Visual Studio Solution File, Format Version 12.00
# Visual Studio Version 17
VisualStudioVersion = 17.3.32929.385
MinimumVisualStudioVersion = 10.0.40219.1
Project("{9A19103F-16F7-4668-BE54-9A1E7A4F7556}") = "Kae.Utility.Logging", "Kae.Utility.Logging\Kae.Utility.Logging.csproj", "{D7D56071-08A7-4DDF-B21C-D7B37CAA498F}"
EndProject
Project("{9A19103F-16F7-4668-BE54-9A1E7A4F7556}") = "Kae.Utility.Json", "Kae.Utility.Json\Kae.Utility.Json.csproj", "{BD1601B6-FA9A-45D3-90C0-1D96DA63C478}"
EndProject
Project("{FAE04EC0-301F-11D3-BF4B-00C04F79EFBC}") = "Kae.Utility.Logging.WPF", "Kae.Utility.Logging.WPF\Kae.Utility.Logging.WPF.csproj", "{8767C2B1-DE22-4BC0-B6A5-20BC872F8B65}"
EndProject
Project("{FAE04EC0-301F-11D3-BF4B-00C04F79EFBC}") = "Kae.Utility.Logging.Web", "Kae.Utility.Logging.Web\Kae.Utility.Logging.Web.csproj", "{CF466B7B-E08B-4F34-BD71-8A6C42BF8249}"
EndProject
Global
	GlobalSection(SolutionConfigurationPlatforms) = preSolution
		Debug|Any CPU = Debug|Any CPU
		Release|Any CPU = Release|Any CPU
	EndGlobalSection
	GlobalSection(ProjectConfigurationPlatforms) = postSolution
		{D7D56071-08A7-4DDF-B21C-D7B37CAA498F}.Debug|Any CPU.ActiveCfg = Debug|Any CPU
		{D7D56071-08A7-4DDF-B21C-D7B37CAA498F}.Debug|Any CPU.Build.0 = Debug|Any CPU
		{D7D56071-08A7-4DDF-B21C-D7B37CAA498F}.Release|Any CPU.ActiveCfg = Release|Any CPU
		{D7D56071-08A7-4DDF-B21C-D7B37CAA498F}.Release|Any CPU.Build.0 = Release|Any CPU
		{BD1601B6-FA9A-45D3-90C0-1D96DA63C478}.Debug|Any CPU.ActiveCfg = Debug|Any CPU
		{BD1601B6-FA9A-45D3-90C0-1D96DA63C478}.Debug|Any CPU.Build.0 = Debug|Any CPU
		{BD1601B6-FA9A-45D3-90C0-1D96DA63C478}.Release|Any CPU.ActiveCfg = Release|Any CPU
		{BD1601B6-FA9A-45D3-90C0-1D96DA63C478}.Release|Any CPU.Build.0 = Release|Any CPU
		{8767C2B1-DE22-4BC0-B6A5-20BC872F8B65}.Debug|Any CPU.ActiveCfg = Debug|Any CPU
		{8767C2B1-DE22-4BC0-B6A5-20BC872F8B65}.Debug|Any CPU.Build.0 = Debug|Any CPU
		{8767C2B1-DE22-4BC0-B6A5-20BC872F8B65}.Release|Any CPU.ActiveCfg = Release|Any CPU
		{8767C2B1-DE22-4BC0-B6A5-20BC872F8B65}.Release|Any CPU.Build.0 = Release|Any CPU
		{CF466B7B-E08B-4F34-BD71-8A6C42BF8249}.Debug|Any CPU.ActiveCfg = Debug|Any CPU
		{CF466B7B-E08B-4F34-BD71-8A6C42BF8249}.Debug|Any CPU.Build.0 = Debug|Any CPU
		{CF466B7B-E08B-4F34-BD71-8A6C42BF8249}.Release|Any CPU.ActiveCfg = Release|Any CPU
		{CF466B7B-E08B-4F34-BD71-8A6C42BF8249}.Release|Any CPU.Build.0 = Release|Any CPU
	EndGlobalSection
	GlobalSection(SolutionProperties) = preSolution
		HideSolutionNode = FALSE
	EndGlobalSection
	GlobalSection(ExtensibilityGlobals) = postSolution
		SolutionGuid = {7B68BCE4-A108-4F5A-A361-1E70FDC2E098}
	EndGlobalSection
EndGlobal
